
Microsoft Visual Studio Solution File, Format Version 12.00
# Visual Studio Version 17
VisualStudioVersion = 17.4.33213.308
MinimumVisualStudioVersion = 10.0.40219.1
Project("{FAE04EC0-301F-11D3-BF4B-00C04F79EFBC}") = "dz228", "dz228\dz228.csproj", "{8B72EAA6-863B-492E-A3DE-9C5F5247FAD6}"
EndProject
Global
	GlobalSection(SolutionConfigurationPlatforms) = preSolution
		Debug|Any CPU = Debug|Any CPU
		Release|Any CPU = Release|Any CPU
	EndGlobalSection
	GlobalSection(ProjectConfigurationPlatforms) = postSolution
		{8B72EAA6-863B-492E-A3DE-9C5F5247FAD6}.Debug|Any CPU.ActiveCfg = Debug|Any CPU
		{8B72EAA6-863B-492E-A3DE-9C5F5247FAD6}.Debug|Any CPU.Build.0 = Debug|Any CPU
		{8B72EAA6-863B-492E-A3DE-9C5F5247FAD6}.Release|Any CPU.ActiveCfg = Release|Any CPU
		{8B72EAA6-863B-492E-A3DE-9C5F5247FAD6}.Release|Any CPU.Build.0 = Release|Any CPU
	EndGlobalSection
	GlobalSection(SolutionProperties) = preSolution
		HideSolutionNode = FALSE
	EndGlobalSection
	GlobalSection(ExtensibilityGlobals) = postSolution
		SolutionGuid = {EAD9F316-4349-40D3-9ABB-D1E91E14265B}
	EndGlobalSection
EndGlobal
